
Microsoft Visual Studio Solution File, Format Version 12.00
# Visual Studio 15
VisualStudioVersion = 15.0.26730.3
MinimumVisualStudioVersion = 10.0.40219.1
Project("{FAE04EC0-301F-11D3-BF4B-00C04F79EFBC}") = "WPFBankApplication", "WPFBankApplication\WPFBankApplication.csproj", "{608D2BDB-B804-430C-B1C7-7AFA43DA543B}"
EndProject
Global
	GlobalSection(SolutionConfigurationPlatforms) = preSolution
		Debug|x86 = Debug|x86
		Release|x86 = Release|x86
	EndGlobalSection
	GlobalSection(ProjectConfigurationPlatforms) = postSolution
		{608D2BDB-B804-430C-B1C7-7AFA43DA543B}.Debug|x86.ActiveCfg = Debug|x86
		{608D2BDB-B804-430C-B1C7-7AFA43DA543B}.Debug|x86.Build.0 = Debug|x86
		{608D2BDB-B804-430C-B1C7-7AFA43DA543B}.Release|x86.ActiveCfg = Release|x86
		{608D2BDB-B804-430C-B1C7-7AFA43DA543B}.Release|x86.Build.0 = Release|x86
	EndGlobalSection
	GlobalSection(SolutionProperties) = preSolution
		HideSolutionNode = FALSE
	EndGlobalSection
	GlobalSection(ExtensibilityGlobals) = postSolution
		SolutionGuid = {6B802194-C488-405D-8FD4-473F0803E0BC}
	EndGlobalSection
EndGlobal
